
Microsoft Visual Studio Solution File, Format Version 12.00
Project("{FAE04EC0-301F-11D3-BF4B-00C04F79EFBC}") = "StreamBinaryDemo", "StreamBinaryDemo\StreamBinaryDemo.csproj", "{EABF3E85-7738-4F51-9FD4-810950F3EB2A}"
EndProject
Global
	GlobalSection(SolutionConfigurationPlatforms) = preSolution
		Debug|Any CPU = Debug|Any CPU
		Release|Any CPU = Release|Any CPU
	EndGlobalSection
	GlobalSection(ProjectConfigurationPlatforms) = postSolution
		{EABF3E85-7738-4F51-9FD4-810950F3EB2A}.Debug|Any CPU.ActiveCfg = Debug|Any CPU
		{EABF3E85-7738-4F51-9FD4-810950F3EB2A}.Debug|Any CPU.Build.0 = Debug|Any CPU
		{EABF3E85-7738-4F51-9FD4-810950F3EB2A}.Release|Any CPU.ActiveCfg = Release|Any CPU
		{EABF3E85-7738-4F51-9FD4-810950F3EB2A}.Release|Any CPU.Build.0 = Release|Any CPU
	EndGlobalSection
EndGlobal
